{
  "version": 4,
  "terraform_version": "1.6.5",
  "serial": 457,
  "lineage": "d21118cb-33a5-fdd8-1256-989536438f79",
  "outputs": {},
  "resources": [
    {
      "module": "module.ecs_braves",
      "mode": "managed",
      "type": "aws_ecs_cluster",
      "name": "ecs_braves_final_project",
      "provider": "provider[\"registry.terraform.io/hashicorp/aws\"]",
      "instances": [
        {
          "schema_version": 0,
          "attributes": {
            "arn": "arn:aws:ecs:us-east-2:447616635134:cluster/ecs-braves",
            "configuration": [],
            "id": "arn:aws:ecs:us-east-2:447616635134:cluster/ecs-braves",
            "name": "ecs-braves",
            "service_connect_defaults": [],
            "setting": [
              {
                "name": "containerInsights",
                "value": "disabled"
              }
            ],
            "tags": {},
            "tags_all": {}
          },
          "sensitive_attributes": [],
          "private": "bnVsbA=="
        }
      ]
    }
  ],
  "check_results": null
}
